{
  "name": "codemirror",
  "version": "1.0.0",
  "lockfileVersion": 1,
  "requires": true,
  "dependencies": {
    "@codemirror/autocomplete": {
      "version": "0.18.0",
      "resolved": "https://registry.npmjs.org/@codemirror/autocomplete/-/autocomplete-0.18.0.tgz",
      "integrity": "sha512-8MzkXNh/Sj2pcCPYWe+1vjQ51rmmGI+Nx95TJ4xJoH9uEMqnFSrOuxr0x52eLUwYIOihXt9OV6vjERr+p2IZzg==",
      "requires": {
        "@codemirror/language": "^0.18.0",
        "@codemirror/state": "^0.18.0",
        "@codemirror/text": "^0.18.0",
        "@codemirror/tooltip": "^0.18.0",
        "@codemirror/view": "^0.18.0",
        "lezer-tree": "^0.13.0"
      }
    },
    "@codemirror/basic-setup": {
      "version": "0.18.0",
      "resolved": "https://registry.npmjs.org/@codemirror/basic-setup/-/basic-setup-0.18.0.tgz",
      "integrity": "sha512-3IU6gBIkVVCF+ZtKqzCmYU1GLfbA12OsPYPWWq9rSzEb5G/FrWCA51ERYJpS3CzOI7TfBFjZZYc5j0OiNIF2VQ==",
      "requires": {
        "@codemirror/autocomplete": "^0.18.0",
        "@codemirror/closebrackets": "^0.18.0",
        "@codemirror/commands": "^0.18.0",
        "@codemirror/comment": "^0.18.0",
        "@codemirror/fold": "^0.18.0",
        "@codemirror/gutter": "^0.18.0",
        "@codemirror/highlight": "^0.18.0",
        "@codemirror/history": "^0.18.0",
        "@codemirror/language": "^0.18.0",
        "@codemirror/lint": "^0.18.0",
        "@codemirror/matchbrackets": "^0.18.0",
        "@codemirror/rectangular-selection": "^0.18.0",
        "@codemirror/search": "^0.18.0",
        "@codemirror/state": "^0.18.0",
        "@codemirror/view": "^0.18.0"
      }
    },
    "@codemirror/closebrackets": {
      "version": "0.18.0",
      "resolved": "https://registry.npmjs.org/@codemirror/closebrackets/-/closebrackets-0.18.0.tgz",
      "integrity": "sha512-O1RAgUkzF4nq/B8IyXenZKZ1rJi2Mc7I6y4IhWhELiTnjyQy7YdAthTsJ40mNr8kZ6gRbasYe3K7TraITElZJA==",
      "requires": {
        "@codemirror/language": "^0.18.0",
        "@codemirror/rangeset": "^0.18.0",
        "@codemirror/state": "^0.18.0",
        "@codemirror/text": "^0.18.0",
        "@codemirror/view": "^0.18.0"
      }
    },
    "@codemirror/commands": {
      "version": "0.18.0",
      "resolved": "https://registry.npmjs.org/@codemirror/commands/-/commands-0.18.0.tgz",
      "integrity": "sha512-4H63B4oqr8dmJ3VOKvMI7xrZIBJjAdtz3Z0V/Jt0HlIYTe76Omy4h9BS3b9EgyNaWjIO/Slz3KQPwihcC8uR5Q==",
      "requires": {
        "@codemirror/language": "^0.18.0",
        "@codemirror/matchbrackets": "^0.18.0",
        "@codemirror/state": "^0.18.0",
        "@codemirror/text": "^0.18.0",
        "@codemirror/view": "^0.18.0",
        "lezer-tree": "^0.13.0"
      }
    },
    "@codemirror/comment": {
      "version": "0.18.0",
      "resolved": "https://registry.npmjs.org/@codemirror/comment/-/comment-0.18.0.tgz",
      "integrity": "sha512-yb/8dz/zIzXIa00L0Ed7/R8m2FupPZux/EMquwzbAOnTNcXeeaPVcp9kEMPf85b9D82csunXXdiOSalBVGjKWQ==",
      "requires": {
        "@codemirror/state": "^0.18.0",
        "@codemirror/text": "^0.18.0",
        "@codemirror/view": "^0.18.0"
      }
    },
    "@codemirror/fold": {
      "version": "0.18.0",
      "resolved": "https://registry.npmjs.org/@codemirror/fold/-/fold-0.18.0.tgz",
      "integrity": "sha512-qZsl85rp1Wm2ifaw1E25paDRVGr0m2vKRIoUG5mv+G2NxJx6lsuMLgU7MKIJQ+3iDHUR2is2yU8d6lOwwp5IEg==",
      "requires": {
        "@codemirror/gutter": "^0.18.0",
        "@codemirror/language": "^0.18.0",
        "@codemirror/rangeset": "^0.18.0",
        "@codemirror/state": "^0.18.0",
        "@codemirror/view": "^0.18.0"
      }
    },
    "@codemirror/gutter": {
      "version": "0.18.0",
      "resolved": "https://registry.npmjs.org/@codemirror/gutter/-/gutter-0.18.0.tgz",
      "integrity": "sha512-9hcKzBM5EjhWwrau5Xiv0ll/yOvkgiyLnH7DTsjFCUvuyfbS45WVEMhQ6C+HfsoRVR4TJqRVLJjaIktZqaAqnw==",
      "requires": {
        "@codemirror/rangeset": "^0.18.0",
        "@codemirror/state": "^0.18.0",
        "@codemirror/view": "^0.18.0"
      }
    },
    "@codemirror/highlight": {
      "version": "0.18.3",
      "resolved": "https://registry.npmjs.org/@codemirror/highlight/-/highlight-0.18.3.tgz",
      "integrity": "sha512-NmRmkmWl8ht6Y6Y39ghov84AMPCqhUPIH9fmILs2NaWxZFZf4jGCTzrULnmREGsTie+26+LbKUncIU+PBu1Qng==",
      "requires": {
        "@codemirror/language": "^0.18.0",
        "@codemirror/rangeset": "^0.18.0",
        "@codemirror/state": "^0.18.0",
        "@codemirror/view": "^0.18.0",
        "lezer-tree": "^0.13.0",
        "style-mod": "^4.0.0"
      }
    },
    "@codemirror/history": {
      "version": "0.18.0",
      "resolved": "https://registry.npmjs.org/@codemirror/history/-/history-0.18.0.tgz",
      "integrity": "sha512-oMpvu7c8GQnEn1nX98+WuVQuMEVxOPJFU1yrA22sWfqG7lkrJAv7p4geCWOpwQY9/LWw4sICkDbCeirre4BqBA==",
      "requires": {
        "@codemirror/state": "^0.18.0",
        "@codemirror/view": "^0.18.0"
      }
    },
    "@codemirror/lang-css": {
      "version": "0.18.0",
      "resolved": "https://registry.npmjs.org/@codemirror/lang-css/-/lang-css-0.18.0.tgz",
      "integrity": "sha512-kkU4Ug387eJoCTDDkMbXrcPBMiJ0lFWbvDaFHIuJtrMgDXJzSQ/ehx6Ife5PUBfuLU/x1JQUBdmXhW1TJzfHug==",
      "requires": {
        "@codemirror/autocomplete": "^0.18.0",
        "@codemirror/highlight": "^0.18.0",
        "@codemirror/language": "^0.18.0",
        "@codemirror/state": "^0.18.0",
        "lezer-css": "^0.13.0"
      }
    },
    "@codemirror/lang-html": {
      "version": "0.18.0",
      "resolved": "https://registry.npmjs.org/@codemirror/lang-html/-/lang-html-0.18.0.tgz",
      "integrity": "sha512-KIY4fDV6/ZTgpVBTI2O09kefTqhfPBlaN6e7Lw1JlaYwPL4kXvfDgyWilIwwTDksiLhB8LPbpS50rh2drxpV+Q==",
      "requires": {
        "@codemirror/autocomplete": "^0.18.0",
        "@codemirror/highlight": "^0.18.0",
        "@codemirror/lang-css": "^0.18.0",
        "@codemirror/lang-javascript": "^0.18.0",
        "@codemirror/language": "^0.18.0",
        "@codemirror/state": "^0.18.0",
        "lezer-html": "^0.13.0",
        "lezer-tree": "^0.13.0"
      }
    },
    "@codemirror/lang-javascript": {
      "version": "0.18.0",
      "resolved": "https://registry.npmjs.org/@codemirror/lang-javascript/-/lang-javascript-0.18.0.tgz",
      "integrity": "sha512-4KOkwXED9v39c17pIWoy+WKrNAYaKnAR/RRF8QZIqpuYjnMwGTe7GxMKKdq7E557fGzCVr7m34Qy7Gkhr5B41g==",
      "requires": {
        "@codemirror/autocomplete": "^0.18.0",
        "@codemirror/highlight": "^0.18.0",
        "@codemirror/language": "^0.18.0",
        "@codemirror/lint": "^0.18.0",
        "@codemirror/state": "^0.18.0",
        "@codemirror/view": "^0.18.0",
        "lezer-javascript": "^0.13.0"
      }
    },
    "@codemirror/lang-markdown": {
      "version": "0.18.0",
      "resolved": "https://registry.npmjs.org/@codemirror/lang-markdown/-/lang-markdown-0.18.0.tgz",
      "integrity": "sha512-a5DrJQwnW7kFbsAVWBayjKv+/X1gt5mkzdK2FcvewVNcvd6grpy8ufkqvXDNkYGfgLghXO5QH38lFCj04w9+Rg==",
      "requires": {
        "@codemirror/highlight": "^0.18.0",
        "@codemirror/lang-html": "^0.18.0",
        "@codemirror/language": "^0.18.0",
        "@codemirror/state": "^0.18.0",
        "@codemirror/view": "^0.18.0",
        "lezer-markdown": "^0.14.3",
        "lezer-tree": "^0.13.0"
      }
    },
    "@codemirror/language": {
      "version": "0.18.0",
      "resolved": "https://registry.npmjs.org/@codemirror/language/-/language-0.18.0.tgz",
      "integrity": "sha512-gryu0Sej1vG3S3njwsJ+bhz9zLoJxZ2TahLlxpqOB3uqVGZrGDyE+GmZBnA6I3hwHvaO1O4WXKScVsKoW6HqFA==",
      "requires": {
        "@codemirror/state": "^0.18.0",
        "@codemirror/text": "^0.18.0",
        "@codemirror/view": "^0.18.0",
        "lezer": "^0.13.4",
        "lezer-tree": "^0.13.0"
      }
    },
    "@codemirror/lint": {
      "version": "0.18.0",
      "resolved": "https://registry.npmjs.org/@codemirror/lint/-/lint-0.18.0.tgz",
      "integrity": "sha512-kRkSGMGXN9wi4j0/xxJy7uePE/vPq0nGKeoYFgue2KZbpVtNUC7teYjrj7QbYe9KRv/2NrO9+pwIzwgjpuwlJw==",
      "requires": {
        "@codemirror/panel": "^0.18.0",
        "@codemirror/state": "^0.18.0",
        "@codemirror/tooltip": "^0.18.0",
        "@codemirror/view": "^0.18.0",
        "crelt": "^1.0.5"
      }
    },
    "@codemirror/matchbrackets": {
      "version": "0.18.0",
      "resolved": "https://registry.npmjs.org/@codemirror/matchbrackets/-/matchbrackets-0.18.0.tgz",
      "integrity": "sha512-dPDopnZVkD54sSYdmQbyQbPdiuIA83p7XxX6Hp1ScEkOjukwCiFXiA/84x10FUTsQpUYp8bDzm7gwII119bGIw==",
      "requires": {
        "@codemirror/language": "^0.18.0",
        "@codemirror/state": "^0.18.0",
        "@codemirror/view": "^0.18.0",
        "lezer-tree": "^0.13.0"
      }
    },
    "@codemirror/panel": {
      "version": "0.18.0",
      "resolved": "https://registry.npmjs.org/@codemirror/panel/-/panel-0.18.0.tgz",
      "integrity": "sha512-wgKpe+QRjZwFKoMbMxqUFlV4j3dvgm8Q4v12SS0L6yxnFZkMsdbmowh0+pBa1Cp5iTSb0pdEOjAQaiWFZyIk9g==",
      "requires": {
        "@codemirror/state": "^0.18.0",
        "@codemirror/view": "^0.18.0"
      }
    },
    "@codemirror/rangeset": {
      "version": "0.18.0",
      "resolved": "https://registry.npmjs.org/@codemirror/rangeset/-/rangeset-0.18.0.tgz",
      "integrity": "sha512-+dpK3T6EFv2vkoAc3sTZld0N5SHZDjD3YowFYuMWn0Xw3t+u6k+JZlGBuaFTXdsLeF0auclsm0XhRUpMVuXhTg==",
      "requires": {
        "@codemirror/state": "^0.18.0"
      }
    },
    "@codemirror/rectangular-selection": {
      "version": "0.18.0",
      "resolved": "https://registry.npmjs.org/@codemirror/rectangular-selection/-/rectangular-selection-0.18.0.tgz",
      "integrity": "sha512-BQ4pp2zhXCVZNqct5LtLR3AOWVseENBF/3oOgBmwsCKH7c11NfTqIqgWG5EW8NLOXp8HP8cDm3np8eWez0VkGQ==",
      "requires": {
        "@codemirror/state": "^0.18.0",
        "@codemirror/text": "^0.18.0",
        "@codemirror/view": "^0.18.0"
      }
    },
    "@codemirror/search": {
      "version": "0.18.0",
      "resolved": "https://registry.npmjs.org/@codemirror/search/-/search-0.18.0.tgz",
      "integrity": "sha512-gjg1yDz6gof0lhOEzjqofidd5tH2dwUwiyzym6E78n3tZBh/KygLKmw0B0T9a5s9JTVZtzup95i+TmcHrz2MQg==",
      "requires": {
        "@codemirror/panel": "^0.18.0",
        "@codemirror/rangeset": "^0.18.0",
        "@codemirror/state": "^0.18.0",
        "@codemirror/text": "^0.18.0",
        "@codemirror/view": "^0.18.0",
        "crelt": "^1.0.5"
      }
    },
    "@codemirror/state": {
      "version": "0.18.0",
      "resolved": "https://registry.npmjs.org/@codemirror/state/-/state-0.18.0.tgz",
      "integrity": "sha512-E5Tgx/CVmQQdiIOoJ4xX4hy2RGqTjxbpzDifGn8wUu3Driq/uZ+ncr7M4ojWs1T83yYFevNBmPtT5vprD25vYA==",
      "requires": {
        "@codemirror/text": "^0.18.0"
      }
    },
    "@codemirror/text": {
      "version": "0.18.0",
      "resolved": "https://registry.npmjs.org/@codemirror/text/-/text-0.18.0.tgz",
      "integrity": "sha512-HMzHNIAbjCiCf3tEJMRg6ul01KPuXxQGNiHlHgAnqPguq/CX+L4Nvj5JlWQAI91Pupk18zhmM1c6eaazX4YeTg=="
    },
    "@codemirror/tooltip": {
      "version": "0.18.1",
      "resolved": "https://registry.npmjs.org/@codemirror/tooltip/-/tooltip-0.18.1.tgz",
      "integrity": "sha512-VHGr4Vjk2r/D0PEC3S04k4Y2h44h7+EdaeV9OHFbN+VMAEIj8ndkSTLRPKp1Zv6mEqEtV7S9n0wKBFhbsWy+NA==",
      "requires": {
        "@codemirror/state": "^0.18.0",
        "@codemirror/view": "^0.18.0"
      }
    },
    "@codemirror/view": {
      "version": "0.18.1",
      "resolved": "https://registry.npmjs.org/@codemirror/view/-/view-0.18.1.tgz",
      "integrity": "sha512-chyy+oEnywKMUFDMafVAMcrV+DkjJT3l6pSfN1cvM2LBM/eY54gekv/aXtmsBFRSnd+u09mhjb/kGB+EdNHIjg==",
      "requires": {
        "@codemirror/rangeset": "^0.18.0",
        "@codemirror/state": "^0.18.0",
        "@codemirror/text": "^0.18.0",
        "style-mod": "^4.0.0",
        "w3c-keyname": "^2.2.4"
      }
    },
    "@rollup/plugin-node-resolve": {
      "version": "11.2.0",
      "resolved": "https://registry.npmjs.org/@rollup/plugin-node-resolve/-/plugin-node-resolve-11.2.0.tgz",
      "integrity": "sha512-qHjNIKYt5pCcn+5RUBQxK8krhRvf1HnyVgUCcFFcweDS7fhkOLZeYh0mhHK6Ery8/bb9tvN/ubPzmfF0qjDCTA==",
      "requires": {
        "@rollup/pluginutils": "^3.1.0",
        "@types/resolve": "1.17.1",
        "builtin-modules": "^3.1.0",
        "deepmerge": "^4.2.2",
        "is-module": "^1.0.0",
        "resolve": "^1.19.0"
      }
    },
    "@rollup/pluginutils": {
      "version": "3.1.0",
      "resolved": "https://registry.npmjs.org/@rollup/pluginutils/-/pluginutils-3.1.0.tgz",
      "integrity": "sha512-GksZ6pr6TpIjHm8h9lSQ8pi8BE9VeubNT0OMJ3B5uZJ8pz73NPiqOtCog/x2/QzM1ENChPKxMDhiQuRHsqc+lg==",
      "requires": {
        "@types/estree": "0.0.39",
        "estree-walker": "^1.0.1",
        "picomatch": "^2.2.2"
      }
    },
    "@types/estree": {
      "version": "0.0.39",
      "resolved": "https://registry.npmjs.org/@types/estree/-/estree-0.0.39.tgz",
      "integrity": "sha512-EYNwp3bU+98cpU4lAWYYL7Zz+2gryWH1qbdDTidVd6hkiR6weksdbMadyXKXNPEkQFhXM+hVO9ZygomHXp+AIw=="
    },
    "@types/node": {
      "version": "14.14.31",
      "resolved": "https://registry.npmjs.org/@types/node/-/node-14.14.31.tgz",
      "integrity": "sha512-vFHy/ezP5qI0rFgJ7aQnjDXwAMrG0KqqIH7tQG5PPv3BWBayOPIQNBjVc/P6hhdZfMx51REc6tfDNXHUio893g=="
    },
    "@types/resolve": {
      "version": "1.17.1",
      "resolved": "https://registry.npmjs.org/@types/resolve/-/resolve-1.17.1.tgz",
      "integrity": "sha512-yy7HuzQhj0dhGpD8RLXSZWEkLsV9ibvxvi6EiJ3bkqLAO1RGo0WbkWQiwpRlSFymTJRz0d3k5LM3kkx8ArDbLw==",
      "requires": {
        "@types/node": "*"
      }
    },
    "builtin-modules": {
      "version": "3.2.0",
      "resolved": "https://registry.npmjs.org/builtin-modules/-/builtin-modules-3.2.0.tgz",
      "integrity": "sha512-lGzLKcioL90C7wMczpkY0n/oART3MbBa8R9OFGE1rJxoVI86u4WAGfEk8Wjv10eKSyTHVGkSo3bvBylCEtk7LA=="
    },
    "crelt": {
      "version": "1.0.5",
      "resolved": "https://registry.npmjs.org/crelt/-/crelt-1.0.5.tgz",
      "integrity": "sha512-+BO9wPPi+DWTDcNYhr/W90myha8ptzftZT+LwcmUbbok0rcP/fequmFYCw8NMoH7pkAZQzU78b3kYrlua5a9eA=="
    },
    "deepmerge": {
      "version": "4.2.2",
      "resolved": "https://registry.npmjs.org/deepmerge/-/deepmerge-4.2.2.tgz",
      "integrity": "sha512-FJ3UgI4gIl+PHZm53knsuSFpE+nESMr7M4v9QcgB7S63Kj/6WqMiFQJpBBYz1Pt+66bZpP3Q7Lye0Oo9MPKEdg=="
    },
    "estree-walker": {
      "version": "1.0.1",
      "resolved": "https://registry.npmjs.org/estree-walker/-/estree-walker-1.0.1.tgz",
      "integrity": "sha512-1fMXF3YP4pZZVozF8j/ZLfvnR8NSIljt56UhbZ5PeeDmmGHpgpdwQt7ITlGvYaQukCvuBRMLEiKiYC+oeIg4cg=="
    },
    "fsevents": {
      "version": "2.3.2",
      "resolved": "https://registry.npmjs.org/fsevents/-/fsevents-2.3.2.tgz",
      "integrity": "sha512-xiqMQR4xAeHTuB9uWm+fFRcIOgKBMiOBP+eXiyT7jsgVCq1bkVygt00oASowB7EdtpOHaaPgKt812P9ab+DDKA==",
      "optional": true
    },
    "function-bind": {
      "version": "1.1.1",
      "resolved": "https://registry.npmjs.org/function-bind/-/function-bind-1.1.1.tgz",
      "integrity": "sha512-yIovAzMX49sF8Yl58fSCWJ5svSLuaibPxXQJFLmBObTuCr0Mf1KiPopGM9NiFjiYBCbfaa2Fh6breQ6ANVTI0A=="
    },
    "has": {
      "version": "1.0.3",
      "resolved": "https://registry.npmjs.org/has/-/has-1.0.3.tgz",
      "integrity": "sha512-f2dvO0VU6Oej7RkWJGrehjbzMAjFp5/VKPp5tTpWIV4JHHZK1/BxbFRtf/siA2SWTe09caDmVtYYzWEIbBS4zw==",
      "requires": {
        "function-bind": "^1.1.1"
      }
    },
    "is-core-module": {
      "version": "2.2.0",
      "resolved": "https://registry.npmjs.org/is-core-module/-/is-core-module-2.2.0.tgz",
      "integrity": "sha512-XRAfAdyyY5F5cOXn7hYQDqh2Xmii+DEfIcQGxK/uNwMHhIkPWO0g8msXcbzLe+MpGoR951MlqM/2iIlU4vKDdQ==",
      "requires": {
        "has": "^1.0.3"
      }
    },
    "is-module": {
      "version": "1.0.0",
      "resolved": "https://registry.npmjs.org/is-module/-/is-module-1.0.0.tgz",
      "integrity": "sha1-Mlj7afeMFNW4FdZkM2tM/7ZEFZE="
    },
    "lezer": {
      "version": "0.13.4",
      "resolved": "https://registry.npmjs.org/lezer/-/lezer-0.13.4.tgz",
      "integrity": "sha512-cLQxUVY28VBBqKBt/R8CYeH57KQnIvscAnoahzvhlZTK8qxMkIyGExR6ecEpYYDX06ZhROZrEm1IiPvjLAsTig==",
      "requires": {
        "lezer-tree": "^0.13.2"
      }
    },
    "lezer-css": {
      "version": "0.13.1",
      "resolved": "https://registry.npmjs.org/lezer-css/-/lezer-css-0.13.1.tgz",
      "integrity": "sha512-ke56tjG17IZ+EFiY50P2WinjhgZQB7OecRVZmYQbVuwv5iUdLemA4vLjaFsAbgoSg+4pfOms7Ns9nItoJcmFpg==",
      "requires": {
        "lezer": "^0.13.0"
      }
    },
    "lezer-html": {
      "version": "0.13.3",
      "resolved": "https://registry.npmjs.org/lezer-html/-/lezer-html-0.13.3.tgz",
      "integrity": "sha512-3uluh9NDSXBNLUGbnZhjyWwcVK0cdcCRraKOzjcdPTpf1gPlY6fAr1eN9cdDoq6WI3bDLP/PwYnpXPOT9CHJDw==",
      "requires": {
        "lezer": "^0.13.2"
      }
    },
    "lezer-javascript": {
      "version": "0.13.3",
      "resolved": "https://registry.npmjs.org/lezer-javascript/-/lezer-javascript-0.13.3.tgz",
      "integrity": "sha512-YvTUZUZUk69nt6flmUaPuc/9yynsPqhbpqY6GXZK/8EH9/4X7B2AmMc86hk2yBGbTMrorou8ouV7neoDRk9khA==",
      "requires": {
        "lezer": "^0.13.0"
      }
    },
    "lezer-markdown": {
      "version": "0.14.3",
      "resolved": "https://registry.npmjs.org/lezer-markdown/-/lezer-markdown-0.14.3.tgz",
      "integrity": "sha512-1OqicChXFnI3Nx+XWeUH5uxDjLaFn3PcTwFqsYiICFUxu/3yPkx9N/a9Pttb53QJ33eaqQQOgdwIeGnRusDr4Q==",
      "requires": {
        "lezer-html": "^0.13.0",
        "lezer-tree": "^0.13.0"
      }
    },
    "lezer-tree": {
      "version": "0.13.2",
      "resolved": "https://registry.npmjs.org/lezer-tree/-/lezer-tree-0.13.2.tgz",
      "integrity": "sha512-15ZxW8TxVNAOkHIo43Iouv4zbSkQQ5chQHBpwXcD2bBFz46RB4jYLEEww5l1V0xyIx9U2clSyyrLes+hAUFrGQ=="
    },
    "path-parse": {
      "version": "1.0.6",
      "resolved": "https://registry.npmjs.org/path-parse/-/path-parse-1.0.6.tgz",
      "integrity": "sha512-GSmOT2EbHrINBf9SR7CDELwlJ8AENk3Qn7OikK4nFYAu3Ote2+JYNVvkpAEQm3/TLNEJFD/xZJjzyxg3KBWOzw=="
    },
    "picomatch": {
      "version": "2.2.2",
      "resolved": "https://registry.npmjs.org/picomatch/-/picomatch-2.2.2.tgz",
      "integrity": "sha512-q0M/9eZHzmr0AulXyPwNfZjtwZ/RBZlbN3K3CErVrk50T2ASYI7Bye0EvekFY3IP1Nt2DHu0re+V2ZHIpMkuWg=="
    },
    "resolve": {
      "version": "1.20.0",
      "resolved": "https://registry.npmjs.org/resolve/-/resolve-1.20.0.tgz",
      "integrity": "sha512-wENBPt4ySzg4ybFQW2TT1zMQucPK95HSh/nq2CFTZVOGut2+pQvSsgtda4d26YrYcr067wjbmzOG8byDPBX63A==",
      "requires": {
        "is-core-module": "^2.2.0",
        "path-parse": "^1.0.6"
      }
    },
    "rollup": {
      "version": "2.40.0",
      "resolved": "https://registry.npmjs.org/rollup/-/rollup-2.40.0.tgz",
      "integrity": "sha512-WiOGAPbXoHu+TOz6hyYUxIksOwsY/21TRWoO593jgYt8mvYafYqQl+axaA8y1z2HFazNUUrsMSjahV2A6/2R9A==",
      "requires": {
        "fsevents": "~2.3.1"
      }
    },
    "style-mod": {
      "version": "4.0.0",
      "resolved": "https://registry.npmjs.org/style-mod/-/style-mod-4.0.0.tgz",
      "integrity": "sha512-OPhtyEjyyN9x3nhPsu76f52yUGXiZcgvsrFVtvTkyGRQJ0XK+GPc6ov1z+lRpbeabka+MYEQxOYRnt5nF30aMw=="
    },
    "w3c-keyname": {
      "version": "2.2.4",
      "resolved": "https://registry.npmjs.org/w3c-keyname/-/w3c-keyname-2.2.4.tgz",
      "integrity": "sha512-tOhfEwEzFLJzf6d1ZPkYfGj+FWhIpBux9ppoP3rlclw3Z0BZv3N7b7030Z1kYth+6rDuAsXUFr+d0VE6Ed1ikw=="
    }
  }
}
