{
  "name": "codemirror",
  "version": "1.0.0",
  "lockfileVersion": 2,
  "requires": true,
  "packages": {
    "": {
      "version": "1.0.0",
      "license": "ISC",
      "dependencies": {
        "@codemirror/basic-setup": "^0.19.0",
        "@codemirror/commands": "^0.19.5",
        "@codemirror/lang-css": "^0.19.3",
        "@codemirror/lang-html": "^0.19.3",
        "@codemirror/lang-javascript": "^0.19.2",
        "@codemirror/lang-json": "^0.19.1",
        "@codemirror/lang-markdown": "^0.19.2",
        "@codemirror/view": "^0.19.9",
        "@rollup/plugin-node-resolve": "^11.2.0",
        "rollup": "^2.40.0"
      }
    },
    "node_modules/@codemirror/autocomplete": {
      "version": "0.19.4",
      "resolved": "https://registry.npmjs.org/@codemirror/autocomplete/-/autocomplete-0.19.4.tgz",
      "integrity": "sha512-Wuuf4xZ9opIpUwMvxFMknC1C202qtTx1q5bS1GuMnTK4lBYoG+tekpAqlLBF3x6fEe2+fw6dRLwYTigtCuS7pQ==",
      "dependencies": {
        "@codemirror/language": "^0.19.0",
        "@codemirror/state": "^0.19.2",
        "@codemirror/text": "^0.19.2",
        "@codemirror/tooltip": "^0.19.0",
        "@codemirror/view": "^0.19.0",
        "@lezer/common": "^0.15.0"
      }
    },
    "node_modules/@codemirror/basic-setup": {
      "version": "0.19.0",
      "resolved": "https://registry.npmjs.org/@codemirror/basic-setup/-/basic-setup-0.19.0.tgz",
      "integrity": "sha512-Yhrf7fIz8+INHWOhpWeRwbs8fpc0KsydX9baD7TyYqniLVWyTi0Hwm52mr0f5O+k4YaJPeHAgT3x9gzDXZIvOw==",
      "dependencies": {
        "@codemirror/autocomplete": "^0.19.0",
        "@codemirror/closebrackets": "^0.19.0",
        "@codemirror/commands": "^0.19.0",
        "@codemirror/comment": "^0.19.0",
        "@codemirror/fold": "^0.19.0",
        "@codemirror/gutter": "^0.19.0",
        "@codemirror/highlight": "^0.19.0",
        "@codemirror/history": "^0.19.0",
        "@codemirror/language": "^0.19.0",
        "@codemirror/lint": "^0.19.0",
        "@codemirror/matchbrackets": "^0.19.0",
        "@codemirror/rectangular-selection": "^0.19.0",
        "@codemirror/search": "^0.19.0",
        "@codemirror/state": "^0.19.0",
        "@codemirror/view": "^0.19.0"
      }
    },
    "node_modules/@codemirror/closebrackets": {
      "version": "0.19.0",
      "resolved": "https://registry.npmjs.org/@codemirror/closebrackets/-/closebrackets-0.19.0.tgz",
      "integrity": "sha512-dFWX5OEVYWRNtGaifSbwIAlymnRRjxWMiMbffbAjF7p0zfGHDbdGkiT56q3Xud63h5/tQdSo5dK1iyNTzHz5vg==",
      "dependencies": {
        "@codemirror/language": "^0.19.0",
        "@codemirror/rangeset": "^0.19.0",
        "@codemirror/state": "^0.19.0",
        "@codemirror/text": "^0.19.0",
        "@codemirror/view": "^0.19.0"
      }
    },
    "node_modules/@codemirror/commands": {
      "version": "0.19.5",
      "resolved": "https://registry.npmjs.org/@codemirror/commands/-/commands-0.19.5.tgz",
      "integrity": "sha512-8PZOtx7d/GbKhFYA88zs2wINDtaUgj3pEjLYScKTd/Vsyw8qOp86tJQQNnMFTRZj/ISQl9Lbg3aAmHvroMqspw==",
      "dependencies": {
        "@codemirror/language": "^0.19.0",
        "@codemirror/matchbrackets": "^0.19.0",
        "@codemirror/state": "^0.19.2",
        "@codemirror/text": "^0.19.0",
        "@codemirror/view": "^0.19.0",
        "@lezer/common": "^0.15.0"
      }
    },
    "node_modules/@codemirror/comment": {
      "version": "0.19.0",
      "resolved": "https://registry.npmjs.org/@codemirror/comment/-/comment-0.19.0.tgz",
      "integrity": "sha512-3hqAd0548fxqOBm4khFMcXVIivX8p0bSlbAuZJ6PNoUn/0wXhxkxowPp0FmFzU2+y37Z+ZQF5cRB5EREWPRIiQ==",
      "dependencies": {
        "@codemirror/state": "^0.19.0",
        "@codemirror/text": "^0.19.0",
        "@codemirror/view": "^0.19.0"
      }
    },
    "node_modules/@codemirror/fold": {
      "version": "0.19.1",
      "resolved": "https://registry.npmjs.org/@codemirror/fold/-/fold-0.19.1.tgz",
      "integrity": "sha512-3GwQpxgv03urb8BPBvX1JSjl+uMXKqngRG6qHZXSM2FefxFKvTuyL44MCb35aodtfKjGwoxizk+7b6CbAOLyOw==",
      "dependencies": {
        "@codemirror/gutter": "^0.19.0",
        "@codemirror/language": "^0.19.0",
        "@codemirror/rangeset": "^0.19.0",
        "@codemirror/state": "^0.19.0",
        "@codemirror/view": "^0.19.0"
      }
    },
    "node_modules/@codemirror/gutter": {
      "version": "0.19.3",
      "resolved": "https://registry.npmjs.org/@codemirror/gutter/-/gutter-0.19.3.tgz",
      "integrity": "sha512-0lsW7Mbucs/CFmYaOJ8RYWmP1zI7sBdn/dseTL61TXS7TcCEw3X8XZtG4Fs2NL/dJ2CtW4fz3PHlQOyJZGsGCg==",
      "dependencies": {
        "@codemirror/rangeset": "^0.19.0",
        "@codemirror/state": "^0.19.0",
        "@codemirror/view": "^0.19.0"
      }
    },
    "node_modules/@codemirror/highlight": {
      "version": "0.19.6",
      "resolved": "https://registry.npmjs.org/@codemirror/highlight/-/highlight-0.19.6.tgz",
      "integrity": "sha512-+eibu6on9quY8uN3xJ/n3rH+YIDLlpX7YulVmFvqAIz/ukRQ5tWaBmB7fMixHmnmRIRBRZgB8rNtonuMwZSAHQ==",
      "dependencies": {
        "@codemirror/language": "^0.19.0",
        "@codemirror/rangeset": "^0.19.0",
        "@codemirror/state": "^0.19.0",
        "@codemirror/view": "^0.19.0",
        "@lezer/common": "^0.15.0",
        "style-mod": "^4.0.0"
      }
    },
    "node_modules/@codemirror/history": {
      "version": "0.19.0",
      "resolved": "https://registry.npmjs.org/@codemirror/history/-/history-0.19.0.tgz",
      "integrity": "sha512-E0H+lncH66IMDhaND9jgkjE7s0dhYfjCPmS+Ig2Yes9I8+UIEecIdObj8c8HPCFGctGg3fxXqRAw2mdHl2Wouw==",
      "dependencies": {
        "@codemirror/state": "^0.19.0",
        "@codemirror/view": "^0.19.0"
      }
    },
    "node_modules/@codemirror/lang-css": {
      "version": "0.19.3",
      "resolved": "https://registry.npmjs.org/@codemirror/lang-css/-/lang-css-0.19.3.tgz",
      "integrity": "sha512-tyCUJR42/UlfOPLb94/p7dN+IPsYSIzHbAHP2KQHANj0I+Orqp+IyIOS++M8TuCX4zkWh9dvi8s92yy/Tn8Ifg==",
      "dependencies": {
        "@codemirror/autocomplete": "^0.19.0",
        "@codemirror/highlight": "^0.19.6",
        "@codemirror/language": "^0.19.0",
        "@codemirror/state": "^0.19.0",
        "@lezer/css": "^0.15.2"
      }
    },
    "node_modules/@codemirror/lang-html": {
      "version": "0.19.3",
      "resolved": "https://registry.npmjs.org/@codemirror/lang-html/-/lang-html-0.19.3.tgz",
      "integrity": "sha512-QlZN8VhQ+vlOpDMbcfXcG3HiiNeklAfIYnKonPM902SM3nJc4rJ66X9O8mzy0TUDBmew9zaYDubvQcqw7rc5Bg==",
      "dependencies": {
        "@codemirror/autocomplete": "^0.19.0",
        "@codemirror/highlight": "^0.19.6",
        "@codemirror/lang-css": "^0.19.0",
        "@codemirror/lang-javascript": "^0.19.0",
        "@codemirror/language": "^0.19.0",
        "@codemirror/state": "^0.19.0",
        "@lezer/common": "^0.15.0",
        "@lezer/html": "^0.15.0"
      }
    },
    "node_modules/@codemirror/lang-javascript": {
      "version": "0.19.2",
      "resolved": "https://registry.npmjs.org/@codemirror/lang-javascript/-/lang-javascript-0.19.2.tgz",
      "integrity": "sha512-qNFjCSTWOTZ/KusoVx3CxjmNS37DrhVoVO9E1IkrIMVC3tkk8Hs2eA6HNMxT4VGp5O+0yBmf1DE2o5QQSMs0jg==",
      "dependencies": {
        "@codemirror/autocomplete": "^0.19.0",
        "@codemirror/highlight": "^0.19.6",
        "@codemirror/language": "^0.19.0",
        "@codemirror/lint": "^0.19.0",
        "@codemirror/state": "^0.19.0",
        "@codemirror/view": "^0.19.0",
        "@lezer/javascript": "^0.15.0"
      }
    },
    "node_modules/@codemirror/lang-json": {
      "version": "0.19.1",
      "resolved": "https://registry.npmjs.org/@codemirror/lang-json/-/lang-json-0.19.1.tgz",
      "integrity": "sha512-66K5TT9HO0ODtpjY+3Ub6t3r0OB1d27P+Kl5oygk4tDavHUBpsyHTJRFw/CdeRM2VwjbpBfctGm/cTrSthFDZg==",
      "dependencies": {
        "@codemirror/highlight": "^0.19.0",
        "@codemirror/language": "^0.19.0",
        "@lezer/json": "^0.15.0"
      }
    },
    "node_modules/@codemirror/lang-markdown": {
      "version": "0.19.2",
      "resolved": "https://registry.npmjs.org/@codemirror/lang-markdown/-/lang-markdown-0.19.2.tgz",
      "integrity": "sha512-LFzY5TEPmKEBe9ABpG7XujW5pXZwyreunsROOwxewsri0XpupKj3WDfM8U7RwgM0aVc2pXP1u7R1C2MdQPOwPQ==",
      "dependencies": {
        "@codemirror/highlight": "^0.19.0",
        "@codemirror/lang-html": "^0.19.0",
        "@codemirror/language": "^0.19.0",
        "@codemirror/state": "^0.19.0",
        "@codemirror/view": "^0.19.0",
        "@lezer/common": "^0.15.0",
        "@lezer/markdown": "^0.15.0"
      }
    },
    "node_modules/@codemirror/language": {
      "version": "0.19.3",
      "resolved": "https://registry.npmjs.org/@codemirror/language/-/language-0.19.3.tgz",
      "integrity": "sha512-6vjkRYHRJg/z9wdAk75nU2fQwCJBsh2HpkIjKXIHfzISSgLt5qSDxVhPd8Uu8PD5WMmFFP8tX7I9kdIt873o0A==",
      "dependencies": {
        "@codemirror/state": "^0.19.0",
        "@codemirror/text": "^0.19.0",
        "@codemirror/view": "^0.19.0",
        "@lezer/common": "^0.15.5",
        "@lezer/lr": "^0.15.0"
      }
    },
    "node_modules/@codemirror/lint": {
      "version": "0.19.2",
      "resolved": "https://registry.npmjs.org/@codemirror/lint/-/lint-0.19.2.tgz",
      "integrity": "sha512-477qvXWwuf24YsBi1DzjrGyzM+qfPe5L4xEHGxQTGOMq6R0+QAFKppOJsxN3y7gzDpLrZSYZdhJzWevOuliZQg==",
      "dependencies": {
        "@codemirror/panel": "^0.19.0",
        "@codemirror/state": "^0.19.0",
        "@codemirror/tooltip": "^0.19.0",
        "@codemirror/view": "^0.19.0",
        "crelt": "^1.0.5"
      }
    },
    "node_modules/@codemirror/matchbrackets": {
      "version": "0.19.3",
      "resolved": "https://registry.npmjs.org/@codemirror/matchbrackets/-/matchbrackets-0.19.3.tgz",
      "integrity": "sha512-ljkrBxaLgh8jesroUiBa57pdEwqJamxkukXrJpL9LdyFZVJaF+9TldhztRaMsMZO1XnCSSHQ9sg32iuHo7Sc2g==",
      "dependencies": {
        "@codemirror/language": "^0.19.0",
        "@codemirror/state": "^0.19.0",
        "@codemirror/view": "^0.19.0",
        "@lezer/common": "^0.15.0"
      }
    },
    "node_modules/@codemirror/panel": {
      "version": "0.19.0",
      "resolved": "https://registry.npmjs.org/@codemirror/panel/-/panel-0.19.0.tgz",
      "integrity": "sha512-LJuu49xnuhaAztlhnLJQ57ddOirSyf8/lnl7twsQUG/05RkxodBZ9F7q8r5AOLqOkaQOy9WySEKX1Ur8lD9Q5w==",
      "dependencies": {
        "@codemirror/state": "^0.19.0",
        "@codemirror/view": "^0.19.0"
      }
    },
    "node_modules/@codemirror/rangeset": {
      "version": "0.19.1",
      "resolved": "https://registry.npmjs.org/@codemirror/rangeset/-/rangeset-0.19.1.tgz",
      "integrity": "sha512-WaKTEw8JB/3QFlQzpdgRoklopcWvG8O/Xp+rxxOfFKYTaeaejpY/tjpyBBg+Ea65Ka3m7+pPp9d5j/oR2rd9NA==",
      "dependencies": {
        "@codemirror/state": "^0.19.0"
      }
    },
    "node_modules/@codemirror/rectangular-selection": {
      "version": "0.19.1",
      "resolved": "https://registry.npmjs.org/@codemirror/rectangular-selection/-/rectangular-selection-0.19.1.tgz",
      "integrity": "sha512-9ElnqOg3mpZIWe0prPRd1SZ48Q9QB3bR8Aocq8UtjboJSUG8ABhRrbuTZMW/rMqpBPSjVpCe9xkCCkEQMYQVmw==",
      "dependencies": {
        "@codemirror/state": "^0.19.0",
        "@codemirror/text": "^0.19.4",
        "@codemirror/view": "^0.19.0"
      }
    },
    "node_modules/@codemirror/search": {
      "version": "0.19.2",
      "resolved": "https://registry.npmjs.org/@codemirror/search/-/search-0.19.2.tgz",
      "integrity": "sha512-TrRxUxyJ/a7HXtUvMZhgkOUbKE1xO33UhXjn1XACEHKWhgovw1vEeEEti9dZejN8/QOOFJed39InUxmp7oQ8HA==",
      "dependencies": {
        "@codemirror/panel": "^0.19.0",
        "@codemirror/rangeset": "^0.19.0",
        "@codemirror/state": "^0.19.2",
        "@codemirror/text": "^0.19.0",
        "@codemirror/view": "^0.19.0",
        "crelt": "^1.0.5"
      }
    },
    "node_modules/@codemirror/state": {
      "version": "0.19.2",
      "resolved": "https://registry.npmjs.org/@codemirror/state/-/state-0.19.2.tgz",
      "integrity": "sha512-dDqCrtkb0c/LYUlvQBLyLfkISEskbZnhvBbcVOF4j2AusJ1ptJ3EGMxBL9G16GP1TOdC1T613gA1J1qc3pbfGQ==",
      "dependencies": {
        "@codemirror/text": "^0.19.0"
      }
    },
    "node_modules/@codemirror/text": {
      "version": "0.19.4",
      "resolved": "https://registry.npmjs.org/@codemirror/text/-/text-0.19.4.tgz",
      "integrity": "sha512-Msd1ImS+Mmref28+oyoOrBwqjH4lbCVO/5ol2jRaCEYH7+KaMocxFADZomPLnMPgDW6Gc4mu/K2lj8IjAOFdTA=="
    },
    "node_modules/@codemirror/tooltip": {
      "version": "0.19.4",
      "resolved": "https://registry.npmjs.org/@codemirror/tooltip/-/tooltip-0.19.4.tgz",
      "integrity": "sha512-DTv6SOzjw8LbHdTd2FszpIkQCUKRl0dqh1pWqawR31Lu/ZCz1nOiOY1sxkiEZVXMTFg44V0Uff0YlY6mTVK2DQ==",
      "dependencies": {
        "@codemirror/state": "^0.19.0",
        "@codemirror/view": "^0.19.0"
      }
    },
    "node_modules/@codemirror/view": {
      "version": "0.19.9",
      "resolved": "https://registry.npmjs.org/@codemirror/view/-/view-0.19.9.tgz",
      "integrity": "sha512-d2Z2rFl53yTwvhsRYtS97xT7ce1f/Q/NNE2uDg/Be1MVjP2v1OlwUTyTosBmxiCt4oUvMklfa+EdPGOATVJhtg==",
      "dependencies": {
        "@codemirror/rangeset": "^0.19.0",
        "@codemirror/state": "^0.19.2",
        "@codemirror/text": "^0.19.0",
        "style-mod": "^4.0.0",
        "w3c-keyname": "^2.2.4"
      }
    },
    "node_modules/@lezer/common": {
      "version": "0.15.7",
      "resolved": "https://registry.npmjs.org/@lezer/common/-/common-0.15.7.tgz",
      "integrity": "sha512-Rw8TDJnBzZnkyzIXs1Tmmd241FrBLJBj8gkdy3y0joGFb8Z4I/joKEsR+gv1pb13o1TMsZxm3fmP+d/wPt2CTQ=="
    },
    "node_modules/@lezer/css": {
      "version": "0.15.2",
      "resolved": "https://registry.npmjs.org/@lezer/css/-/css-0.15.2.tgz",
      "integrity": "sha512-tnMOMZY0Zs6JQeVjqfmREYMV0GnmZR1NitndLWioZMD6mA7VQF/PPKPmJX1f+ZgVZQc5Am0df9mX3aiJnNJlKQ==",
      "dependencies": {
        "@lezer/lr": "^0.15.0"
      }
    },
    "node_modules/@lezer/html": {
      "version": "0.15.0",
      "resolved": "https://registry.npmjs.org/@lezer/html/-/html-0.15.0.tgz",
      "integrity": "sha512-ErmgP/Vv0AhYJvs/Ekb9oue4IzBHemKLi7K8tJ0jgS+20Y8FGC9foK6knCXtEHqdPaxVGQH9PVp7gecLnzLd9Q==",
      "dependencies": {
        "@lezer/lr": "^0.15.0"
      }
    },
    "node_modules/@lezer/javascript": {
      "version": "0.15.0",
      "resolved": "https://registry.npmjs.org/@lezer/javascript/-/javascript-0.15.0.tgz",
      "integrity": "sha512-euFjbbyYmxpBls9FyBAKnGLEjaMFqfHvhfueA7M1PitZdieHu8KSblutmcwjpWKIV4eH4uElMZO2cPVe0aFxXA==",
      "dependencies": {
        "@lezer/lr": "^0.15.0"
      }
    },
    "node_modules/@lezer/json": {
      "version": "0.15.0",
      "resolved": "https://registry.npmjs.org/@lezer/json/-/json-0.15.0.tgz",
      "integrity": "sha512-OsMjjBkTkeQ15iMCu5U1OiBubRC4V9Wm03zdIlUgNZ20aUPx5DWDRqUc5wG41JXVSj7Lxmo+idlFCfBBdxB8sw==",
      "dependencies": {
        "@lezer/lr": "^0.15.0"
      }
    },
    "node_modules/@lezer/lr": {
      "version": "0.15.4",
      "resolved": "https://registry.npmjs.org/@lezer/lr/-/lr-0.15.4.tgz",
      "integrity": "sha512-vwgG80sihEGJn6wJp6VijXrnzVai/KPva/OzYKaWvIx0IiXKjoMQ8UAwcgpSBwfS4Fbz3IKOX/cCNXU3r1FvpQ==",
      "dependencies": {
        "@lezer/common": "^0.15.0"
      }
    },
    "node_modules/@lezer/markdown": {
      "version": "0.15.1",
      "resolved": "https://registry.npmjs.org/@lezer/markdown/-/markdown-0.15.1.tgz",
      "integrity": "sha512-CV8UQv5sfXj3eKjWVI23JUg2l7eBMV2B4tfbPoXGImzl6Yh0u2PEyTkcKaRw5fVNWZMGs6a4MOwxZ4vfvR5M0w==",
      "dependencies": {
        "@lezer/common": "^0.15.0"
      }
    },
    "node_modules/@rollup/plugin-node-resolve": {
      "version": "11.2.0",
      "resolved": "https://registry.npmjs.org/@rollup/plugin-node-resolve/-/plugin-node-resolve-11.2.0.tgz",
      "integrity": "sha512-qHjNIKYt5pCcn+5RUBQxK8krhRvf1HnyVgUCcFFcweDS7fhkOLZeYh0mhHK6Ery8/bb9tvN/ubPzmfF0qjDCTA==",
      "dependencies": {
        "@rollup/pluginutils": "^3.1.0",
        "@types/resolve": "1.17.1",
        "builtin-modules": "^3.1.0",
        "deepmerge": "^4.2.2",
        "is-module": "^1.0.0",
        "resolve": "^1.19.0"
      },
      "engines": {
        "node": ">= 10.0.0"
      }
    },
    "node_modules/@rollup/pluginutils": {
      "version": "3.1.0",
      "resolved": "https://registry.npmjs.org/@rollup/pluginutils/-/pluginutils-3.1.0.tgz",
      "integrity": "sha512-GksZ6pr6TpIjHm8h9lSQ8pi8BE9VeubNT0OMJ3B5uZJ8pz73NPiqOtCog/x2/QzM1ENChPKxMDhiQuRHsqc+lg==",
      "dependencies": {
        "@types/estree": "0.0.39",
        "estree-walker": "^1.0.1",
        "picomatch": "^2.2.2"
      },
      "engines": {
        "node": ">= 8.0.0"
      }
    },
    "node_modules/@types/estree": {
      "version": "0.0.39",
      "resolved": "https://registry.npmjs.org/@types/estree/-/estree-0.0.39.tgz",
      "integrity": "sha512-EYNwp3bU+98cpU4lAWYYL7Zz+2gryWH1qbdDTidVd6hkiR6weksdbMadyXKXNPEkQFhXM+hVO9ZygomHXp+AIw=="
    },
    "node_modules/@types/node": {
      "version": "14.14.31",
      "resolved": "https://registry.npmjs.org/@types/node/-/node-14.14.31.tgz",
      "integrity": "sha512-vFHy/ezP5qI0rFgJ7aQnjDXwAMrG0KqqIH7tQG5PPv3BWBayOPIQNBjVc/P6hhdZfMx51REc6tfDNXHUio893g=="
    },
    "node_modules/@types/resolve": {
      "version": "1.17.1",
      "resolved": "https://registry.npmjs.org/@types/resolve/-/resolve-1.17.1.tgz",
      "integrity": "sha512-yy7HuzQhj0dhGpD8RLXSZWEkLsV9ibvxvi6EiJ3bkqLAO1RGo0WbkWQiwpRlSFymTJRz0d3k5LM3kkx8ArDbLw==",
      "dependencies": {
        "@types/node": "*"
      }
    },
    "node_modules/builtin-modules": {
      "version": "3.2.0",
      "resolved": "https://registry.npmjs.org/builtin-modules/-/builtin-modules-3.2.0.tgz",
      "integrity": "sha512-lGzLKcioL90C7wMczpkY0n/oART3MbBa8R9OFGE1rJxoVI86u4WAGfEk8Wjv10eKSyTHVGkSo3bvBylCEtk7LA==",
      "engines": {
        "node": ">=6"
      }
    },
    "node_modules/crelt": {
      "version": "1.0.5",
      "resolved": "https://registry.npmjs.org/crelt/-/crelt-1.0.5.tgz",
      "integrity": "sha512-+BO9wPPi+DWTDcNYhr/W90myha8ptzftZT+LwcmUbbok0rcP/fequmFYCw8NMoH7pkAZQzU78b3kYrlua5a9eA=="
    },
    "node_modules/deepmerge": {
      "version": "4.2.2",
      "resolved": "https://registry.npmjs.org/deepmerge/-/deepmerge-4.2.2.tgz",
      "integrity": "sha512-FJ3UgI4gIl+PHZm53knsuSFpE+nESMr7M4v9QcgB7S63Kj/6WqMiFQJpBBYz1Pt+66bZpP3Q7Lye0Oo9MPKEdg==",
      "engines": {
        "node": ">=0.10.0"
      }
    },
    "node_modules/estree-walker": {
      "version": "1.0.1",
      "resolved": "https://registry.npmjs.org/estree-walker/-/estree-walker-1.0.1.tgz",
      "integrity": "sha512-1fMXF3YP4pZZVozF8j/ZLfvnR8NSIljt56UhbZ5PeeDmmGHpgpdwQt7ITlGvYaQukCvuBRMLEiKiYC+oeIg4cg=="
    },
    "node_modules/fsevents": {
      "version": "2.3.2",
      "resolved": "https://registry.npmjs.org/fsevents/-/fsevents-2.3.2.tgz",
      "integrity": "sha512-xiqMQR4xAeHTuB9uWm+fFRcIOgKBMiOBP+eXiyT7jsgVCq1bkVygt00oASowB7EdtpOHaaPgKt812P9ab+DDKA==",
      "optional": true,
      "os": [
        "darwin"
      ],
      "engines": {
        "node": "^8.16.0 || ^10.6.0 || >=11.0.0"
      }
    },
    "node_modules/function-bind": {
      "version": "1.1.1",
      "resolved": "https://registry.npmjs.org/function-bind/-/function-bind-1.1.1.tgz",
      "integrity": "sha512-yIovAzMX49sF8Yl58fSCWJ5svSLuaibPxXQJFLmBObTuCr0Mf1KiPopGM9NiFjiYBCbfaa2Fh6breQ6ANVTI0A=="
    },
    "node_modules/has": {
      "version": "1.0.3",
      "resolved": "https://registry.npmjs.org/has/-/has-1.0.3.tgz",
      "integrity": "sha512-f2dvO0VU6Oej7RkWJGrehjbzMAjFp5/VKPp5tTpWIV4JHHZK1/BxbFRtf/siA2SWTe09caDmVtYYzWEIbBS4zw==",
      "dependencies": {
        "function-bind": "^1.1.1"
      },
      "engines": {
        "node": ">= 0.4.0"
      }
    },
    "node_modules/is-core-module": {
      "version": "2.2.0",
      "resolved": "https://registry.npmjs.org/is-core-module/-/is-core-module-2.2.0.tgz",
      "integrity": "sha512-XRAfAdyyY5F5cOXn7hYQDqh2Xmii+DEfIcQGxK/uNwMHhIkPWO0g8msXcbzLe+MpGoR951MlqM/2iIlU4vKDdQ==",
      "dependencies": {
        "has": "^1.0.3"
      }
    },
    "node_modules/is-module": {
      "version": "1.0.0",
      "resolved": "https://registry.npmjs.org/is-module/-/is-module-1.0.0.tgz",
      "integrity": "sha1-Mlj7afeMFNW4FdZkM2tM/7ZEFZE="
    },
    "node_modules/path-parse": {
      "version": "1.0.6",
      "resolved": "https://registry.npmjs.org/path-parse/-/path-parse-1.0.6.tgz",
      "integrity": "sha512-GSmOT2EbHrINBf9SR7CDELwlJ8AENk3Qn7OikK4nFYAu3Ote2+JYNVvkpAEQm3/TLNEJFD/xZJjzyxg3KBWOzw=="
    },
    "node_modules/picomatch": {
      "version": "2.2.2",
      "resolved": "https://registry.npmjs.org/picomatch/-/picomatch-2.2.2.tgz",
      "integrity": "sha512-q0M/9eZHzmr0AulXyPwNfZjtwZ/RBZlbN3K3CErVrk50T2ASYI7Bye0EvekFY3IP1Nt2DHu0re+V2ZHIpMkuWg==",
      "engines": {
        "node": ">=8.6"
      }
    },
    "node_modules/resolve": {
      "version": "1.20.0",
      "resolved": "https://registry.npmjs.org/resolve/-/resolve-1.20.0.tgz",
      "integrity": "sha512-wENBPt4ySzg4ybFQW2TT1zMQucPK95HSh/nq2CFTZVOGut2+pQvSsgtda4d26YrYcr067wjbmzOG8byDPBX63A==",
      "dependencies": {
        "is-core-module": "^2.2.0",
        "path-parse": "^1.0.6"
      }
    },
    "node_modules/rollup": {
      "version": "2.40.0",
      "resolved": "https://registry.npmjs.org/rollup/-/rollup-2.40.0.tgz",
      "integrity": "sha512-WiOGAPbXoHu+TOz6hyYUxIksOwsY/21TRWoO593jgYt8mvYafYqQl+axaA8y1z2HFazNUUrsMSjahV2A6/2R9A==",
      "bin": {
        "rollup": "dist/bin/rollup"
      },
      "engines": {
        "node": ">=10.0.0"
      },
      "optionalDependencies": {
        "fsevents": "~2.3.1"
      }
    },
    "node_modules/style-mod": {
      "version": "4.0.0",
      "resolved": "https://registry.npmjs.org/style-mod/-/style-mod-4.0.0.tgz",
      "integrity": "sha512-OPhtyEjyyN9x3nhPsu76f52yUGXiZcgvsrFVtvTkyGRQJ0XK+GPc6ov1z+lRpbeabka+MYEQxOYRnt5nF30aMw=="
    },
    "node_modules/w3c-keyname": {
      "version": "2.2.4",
      "resolved": "https://registry.npmjs.org/w3c-keyname/-/w3c-keyname-2.2.4.tgz",
      "integrity": "sha512-tOhfEwEzFLJzf6d1ZPkYfGj+FWhIpBux9ppoP3rlclw3Z0BZv3N7b7030Z1kYth+6rDuAsXUFr+d0VE6Ed1ikw=="
    }
  },
  "dependencies": {
    "@codemirror/autocomplete": {
      "version": "0.19.4",
      "resolved": "https://registry.npmjs.org/@codemirror/autocomplete/-/autocomplete-0.19.4.tgz",
      "integrity": "sha512-Wuuf4xZ9opIpUwMvxFMknC1C202qtTx1q5bS1GuMnTK4lBYoG+tekpAqlLBF3x6fEe2+fw6dRLwYTigtCuS7pQ==",
      "requires": {
        "@codemirror/language": "^0.19.0",
        "@codemirror/state": "^0.19.2",
        "@codemirror/text": "^0.19.2",
        "@codemirror/tooltip": "^0.19.0",
        "@codemirror/view": "^0.19.0",
        "@lezer/common": "^0.15.0"
      }
    },
    "@codemirror/basic-setup": {
      "version": "0.19.0",
      "resolved": "https://registry.npmjs.org/@codemirror/basic-setup/-/basic-setup-0.19.0.tgz",
      "integrity": "sha512-Yhrf7fIz8+INHWOhpWeRwbs8fpc0KsydX9baD7TyYqniLVWyTi0Hwm52mr0f5O+k4YaJPeHAgT3x9gzDXZIvOw==",
      "requires": {
        "@codemirror/autocomplete": "^0.19.0",
        "@codemirror/closebrackets": "^0.19.0",
        "@codemirror/commands": "^0.19.0",
        "@codemirror/comment": "^0.19.0",
        "@codemirror/fold": "^0.19.0",
        "@codemirror/gutter": "^0.19.0",
        "@codemirror/highlight": "^0.19.0",
        "@codemirror/history": "^0.19.0",
        "@codemirror/language": "^0.19.0",
        "@codemirror/lint": "^0.19.0",
        "@codemirror/matchbrackets": "^0.19.0",
        "@codemirror/rectangular-selection": "^0.19.0",
        "@codemirror/search": "^0.19.0",
        "@codemirror/state": "^0.19.0",
        "@codemirror/view": "^0.19.0"
      }
    },
    "@codemirror/closebrackets": {
      "version": "0.19.0",
      "resolved": "https://registry.npmjs.org/@codemirror/closebrackets/-/closebrackets-0.19.0.tgz",
      "integrity": "sha512-dFWX5OEVYWRNtGaifSbwIAlymnRRjxWMiMbffbAjF7p0zfGHDbdGkiT56q3Xud63h5/tQdSo5dK1iyNTzHz5vg==",
      "requires": {
        "@codemirror/language": "^0.19.0",
        "@codemirror/rangeset": "^0.19.0",
        "@codemirror/state": "^0.19.0",
        "@codemirror/text": "^0.19.0",
        "@codemirror/view": "^0.19.0"
      }
    },
    "@codemirror/commands": {
      "version": "0.19.5",
      "resolved": "https://registry.npmjs.org/@codemirror/commands/-/commands-0.19.5.tgz",
      "integrity": "sha512-8PZOtx7d/GbKhFYA88zs2wINDtaUgj3pEjLYScKTd/Vsyw8qOp86tJQQNnMFTRZj/ISQl9Lbg3aAmHvroMqspw==",
      "requires": {
        "@codemirror/language": "^0.19.0",
        "@codemirror/matchbrackets": "^0.19.0",
        "@codemirror/state": "^0.19.2",
        "@codemirror/text": "^0.19.0",
        "@codemirror/view": "^0.19.0",
        "@lezer/common": "^0.15.0"
      }
    },
    "@codemirror/comment": {
      "version": "0.19.0",
      "resolved": "https://registry.npmjs.org/@codemirror/comment/-/comment-0.19.0.tgz",
      "integrity": "sha512-3hqAd0548fxqOBm4khFMcXVIivX8p0bSlbAuZJ6PNoUn/0wXhxkxowPp0FmFzU2+y37Z+ZQF5cRB5EREWPRIiQ==",
      "requires": {
        "@codemirror/state": "^0.19.0",
        "@codemirror/text": "^0.19.0",
        "@codemirror/view": "^0.19.0"
      }
    },
    "@codemirror/fold": {
      "version": "0.19.1",
      "resolved": "https://registry.npmjs.org/@codemirror/fold/-/fold-0.19.1.tgz",
      "integrity": "sha512-3GwQpxgv03urb8BPBvX1JSjl+uMXKqngRG6qHZXSM2FefxFKvTuyL44MCb35aodtfKjGwoxizk+7b6CbAOLyOw==",
      "requires": {
        "@codemirror/gutter": "^0.19.0",
        "@codemirror/language": "^0.19.0",
        "@codemirror/rangeset": "^0.19.0",
        "@codemirror/state": "^0.19.0",
        "@codemirror/view": "^0.19.0"
      }
    },
    "@codemirror/gutter": {
      "version": "0.19.3",
      "resolved": "https://registry.npmjs.org/@codemirror/gutter/-/gutter-0.19.3.tgz",
      "integrity": "sha512-0lsW7Mbucs/CFmYaOJ8RYWmP1zI7sBdn/dseTL61TXS7TcCEw3X8XZtG4Fs2NL/dJ2CtW4fz3PHlQOyJZGsGCg==",
      "requires": {
        "@codemirror/rangeset": "^0.19.0",
        "@codemirror/state": "^0.19.0",
        "@codemirror/view": "^0.19.0"
      }
    },
    "@codemirror/highlight": {
      "version": "0.19.6",
      "resolved": "https://registry.npmjs.org/@codemirror/highlight/-/highlight-0.19.6.tgz",
      "integrity": "sha512-+eibu6on9quY8uN3xJ/n3rH+YIDLlpX7YulVmFvqAIz/ukRQ5tWaBmB7fMixHmnmRIRBRZgB8rNtonuMwZSAHQ==",
      "requires": {
        "@codemirror/language": "^0.19.0",
        "@codemirror/rangeset": "^0.19.0",
        "@codemirror/state": "^0.19.0",
        "@codemirror/view": "^0.19.0",
        "@lezer/common": "^0.15.0",
        "style-mod": "^4.0.0"
      }
    },
    "@codemirror/history": {
      "version": "0.19.0",
      "resolved": "https://registry.npmjs.org/@codemirror/history/-/history-0.19.0.tgz",
      "integrity": "sha512-E0H+lncH66IMDhaND9jgkjE7s0dhYfjCPmS+Ig2Yes9I8+UIEecIdObj8c8HPCFGctGg3fxXqRAw2mdHl2Wouw==",
      "requires": {
        "@codemirror/state": "^0.19.0",
        "@codemirror/view": "^0.19.0"
      }
    },
    "@codemirror/lang-css": {
      "version": "0.19.3",
      "resolved": "https://registry.npmjs.org/@codemirror/lang-css/-/lang-css-0.19.3.tgz",
      "integrity": "sha512-tyCUJR42/UlfOPLb94/p7dN+IPsYSIzHbAHP2KQHANj0I+Orqp+IyIOS++M8TuCX4zkWh9dvi8s92yy/Tn8Ifg==",
      "requires": {
        "@codemirror/autocomplete": "^0.19.0",
        "@codemirror/highlight": "^0.19.6",
        "@codemirror/language": "^0.19.0",
        "@codemirror/state": "^0.19.0",
        "@lezer/css": "^0.15.2"
      }
    },
    "@codemirror/lang-html": {
      "version": "0.19.3",
      "resolved": "https://registry.npmjs.org/@codemirror/lang-html/-/lang-html-0.19.3.tgz",
      "integrity": "sha512-QlZN8VhQ+vlOpDMbcfXcG3HiiNeklAfIYnKonPM902SM3nJc4rJ66X9O8mzy0TUDBmew9zaYDubvQcqw7rc5Bg==",
      "requires": {
        "@codemirror/autocomplete": "^0.19.0",
        "@codemirror/highlight": "^0.19.6",
        "@codemirror/lang-css": "^0.19.0",
        "@codemirror/lang-javascript": "^0.19.0",
        "@codemirror/language": "^0.19.0",
        "@codemirror/state": "^0.19.0",
        "@lezer/common": "^0.15.0",
        "@lezer/html": "^0.15.0"
      }
    },
    "@codemirror/lang-javascript": {
      "version": "0.19.2",
      "resolved": "https://registry.npmjs.org/@codemirror/lang-javascript/-/lang-javascript-0.19.2.tgz",
      "integrity": "sha512-qNFjCSTWOTZ/KusoVx3CxjmNS37DrhVoVO9E1IkrIMVC3tkk8Hs2eA6HNMxT4VGp5O+0yBmf1DE2o5QQSMs0jg==",
      "requires": {
        "@codemirror/autocomplete": "^0.19.0",
        "@codemirror/highlight": "^0.19.6",
        "@codemirror/language": "^0.19.0",
        "@codemirror/lint": "^0.19.0",
        "@codemirror/state": "^0.19.0",
        "@codemirror/view": "^0.19.0",
        "@lezer/javascript": "^0.15.0"
      }
    },
    "@codemirror/lang-json": {
      "version": "0.19.1",
      "resolved": "https://registry.npmjs.org/@codemirror/lang-json/-/lang-json-0.19.1.tgz",
      "integrity": "sha512-66K5TT9HO0ODtpjY+3Ub6t3r0OB1d27P+Kl5oygk4tDavHUBpsyHTJRFw/CdeRM2VwjbpBfctGm/cTrSthFDZg==",
      "requires": {
        "@codemirror/highlight": "^0.19.0",
        "@codemirror/language": "^0.19.0",
        "@lezer/json": "^0.15.0"
      }
    },
    "@codemirror/lang-markdown": {
      "version": "0.19.2",
      "resolved": "https://registry.npmjs.org/@codemirror/lang-markdown/-/lang-markdown-0.19.2.tgz",
      "integrity": "sha512-LFzY5TEPmKEBe9ABpG7XujW5pXZwyreunsROOwxewsri0XpupKj3WDfM8U7RwgM0aVc2pXP1u7R1C2MdQPOwPQ==",
      "requires": {
        "@codemirror/highlight": "^0.19.0",
        "@codemirror/lang-html": "^0.19.0",
        "@codemirror/language": "^0.19.0",
        "@codemirror/state": "^0.19.0",
        "@codemirror/view": "^0.19.0",
        "@lezer/common": "^0.15.0",
        "@lezer/markdown": "^0.15.0"
      }
    },
    "@codemirror/language": {
      "version": "0.19.3",
      "resolved": "https://registry.npmjs.org/@codemirror/language/-/language-0.19.3.tgz",
      "integrity": "sha512-6vjkRYHRJg/z9wdAk75nU2fQwCJBsh2HpkIjKXIHfzISSgLt5qSDxVhPd8Uu8PD5WMmFFP8tX7I9kdIt873o0A==",
      "requires": {
        "@codemirror/state": "^0.19.0",
        "@codemirror/text": "^0.19.0",
        "@codemirror/view": "^0.19.0",
        "@lezer/common": "^0.15.5",
        "@lezer/lr": "^0.15.0"
      }
    },
    "@codemirror/lint": {
      "version": "0.19.2",
      "resolved": "https://registry.npmjs.org/@codemirror/lint/-/lint-0.19.2.tgz",
      "integrity": "sha512-477qvXWwuf24YsBi1DzjrGyzM+qfPe5L4xEHGxQTGOMq6R0+QAFKppOJsxN3y7gzDpLrZSYZdhJzWevOuliZQg==",
      "requires": {
        "@codemirror/panel": "^0.19.0",
        "@codemirror/state": "^0.19.0",
        "@codemirror/tooltip": "^0.19.0",
        "@codemirror/view": "^0.19.0",
        "crelt": "^1.0.5"
      }
    },
    "@codemirror/matchbrackets": {
      "version": "0.19.3",
      "resolved": "https://registry.npmjs.org/@codemirror/matchbrackets/-/matchbrackets-0.19.3.tgz",
      "integrity": "sha512-ljkrBxaLgh8jesroUiBa57pdEwqJamxkukXrJpL9LdyFZVJaF+9TldhztRaMsMZO1XnCSSHQ9sg32iuHo7Sc2g==",
      "requires": {
        "@codemirror/language": "^0.19.0",
        "@codemirror/state": "^0.19.0",
        "@codemirror/view": "^0.19.0",
        "@lezer/common": "^0.15.0"
      }
    },
    "@codemirror/panel": {
      "version": "0.19.0",
      "resolved": "https://registry.npmjs.org/@codemirror/panel/-/panel-0.19.0.tgz",
      "integrity": "sha512-LJuu49xnuhaAztlhnLJQ57ddOirSyf8/lnl7twsQUG/05RkxodBZ9F7q8r5AOLqOkaQOy9WySEKX1Ur8lD9Q5w==",
      "requires": {
        "@codemirror/state": "^0.19.0",
        "@codemirror/view": "^0.19.0"
      }
    },
    "@codemirror/rangeset": {
      "version": "0.19.1",
      "resolved": "https://registry.npmjs.org/@codemirror/rangeset/-/rangeset-0.19.1.tgz",
      "integrity": "sha512-WaKTEw8JB/3QFlQzpdgRoklopcWvG8O/Xp+rxxOfFKYTaeaejpY/tjpyBBg+Ea65Ka3m7+pPp9d5j/oR2rd9NA==",
      "requires": {
        "@codemirror/state": "^0.19.0"
      }
    },
    "@codemirror/rectangular-selection": {
      "version": "0.19.1",
      "resolved": "https://registry.npmjs.org/@codemirror/rectangular-selection/-/rectangular-selection-0.19.1.tgz",
      "integrity": "sha512-9ElnqOg3mpZIWe0prPRd1SZ48Q9QB3bR8Aocq8UtjboJSUG8ABhRrbuTZMW/rMqpBPSjVpCe9xkCCkEQMYQVmw==",
      "requires": {
        "@codemirror/state": "^0.19.0",
        "@codemirror/text": "^0.19.4",
        "@codemirror/view": "^0.19.0"
      }
    },
    "@codemirror/search": {
      "version": "0.19.2",
      "resolved": "https://registry.npmjs.org/@codemirror/search/-/search-0.19.2.tgz",
      "integrity": "sha512-TrRxUxyJ/a7HXtUvMZhgkOUbKE1xO33UhXjn1XACEHKWhgovw1vEeEEti9dZejN8/QOOFJed39InUxmp7oQ8HA==",
      "requires": {
        "@codemirror/panel": "^0.19.0",
        "@codemirror/rangeset": "^0.19.0",
        "@codemirror/state": "^0.19.2",
        "@codemirror/text": "^0.19.0",
        "@codemirror/view": "^0.19.0",
        "crelt": "^1.0.5"
      }
    },
    "@codemirror/state": {
      "version": "0.19.2",
      "resolved": "https://registry.npmjs.org/@codemirror/state/-/state-0.19.2.tgz",
      "integrity": "sha512-dDqCrtkb0c/LYUlvQBLyLfkISEskbZnhvBbcVOF4j2AusJ1ptJ3EGMxBL9G16GP1TOdC1T613gA1J1qc3pbfGQ==",
      "requires": {
        "@codemirror/text": "^0.19.0"
      }
    },
    "@codemirror/text": {
      "version": "0.19.4",
      "resolved": "https://registry.npmjs.org/@codemirror/text/-/text-0.19.4.tgz",
      "integrity": "sha512-Msd1ImS+Mmref28+oyoOrBwqjH4lbCVO/5ol2jRaCEYH7+KaMocxFADZomPLnMPgDW6Gc4mu/K2lj8IjAOFdTA=="
    },
    "@codemirror/tooltip": {
      "version": "0.19.4",
      "resolved": "https://registry.npmjs.org/@codemirror/tooltip/-/tooltip-0.19.4.tgz",
      "integrity": "sha512-DTv6SOzjw8LbHdTd2FszpIkQCUKRl0dqh1pWqawR31Lu/ZCz1nOiOY1sxkiEZVXMTFg44V0Uff0YlY6mTVK2DQ==",
      "requires": {
        "@codemirror/state": "^0.19.0",
        "@codemirror/view": "^0.19.0"
      }
    },
    "@codemirror/view": {
      "version": "0.19.9",
      "resolved": "https://registry.npmjs.org/@codemirror/view/-/view-0.19.9.tgz",
      "integrity": "sha512-d2Z2rFl53yTwvhsRYtS97xT7ce1f/Q/NNE2uDg/Be1MVjP2v1OlwUTyTosBmxiCt4oUvMklfa+EdPGOATVJhtg==",
      "requires": {
        "@codemirror/rangeset": "^0.19.0",
        "@codemirror/state": "^0.19.2",
        "@codemirror/text": "^0.19.0",
        "style-mod": "^4.0.0",
        "w3c-keyname": "^2.2.4"
      }
    },
    "@lezer/common": {
      "version": "0.15.7",
      "resolved": "https://registry.npmjs.org/@lezer/common/-/common-0.15.7.tgz",
      "integrity": "sha512-Rw8TDJnBzZnkyzIXs1Tmmd241FrBLJBj8gkdy3y0joGFb8Z4I/joKEsR+gv1pb13o1TMsZxm3fmP+d/wPt2CTQ=="
    },
    "@lezer/css": {
      "version": "0.15.2",
      "resolved": "https://registry.npmjs.org/@lezer/css/-/css-0.15.2.tgz",
      "integrity": "sha512-tnMOMZY0Zs6JQeVjqfmREYMV0GnmZR1NitndLWioZMD6mA7VQF/PPKPmJX1f+ZgVZQc5Am0df9mX3aiJnNJlKQ==",
      "requires": {
        "@lezer/lr": "^0.15.0"
      }
    },
    "@lezer/html": {
      "version": "0.15.0",
      "resolved": "https://registry.npmjs.org/@lezer/html/-/html-0.15.0.tgz",
      "integrity": "sha512-ErmgP/Vv0AhYJvs/Ekb9oue4IzBHemKLi7K8tJ0jgS+20Y8FGC9foK6knCXtEHqdPaxVGQH9PVp7gecLnzLd9Q==",
      "requires": {
        "@lezer/lr": "^0.15.0"
      }
    },
    "@lezer/javascript": {
      "version": "0.15.0",
      "resolved": "https://registry.npmjs.org/@lezer/javascript/-/javascript-0.15.0.tgz",
      "integrity": "sha512-euFjbbyYmxpBls9FyBAKnGLEjaMFqfHvhfueA7M1PitZdieHu8KSblutmcwjpWKIV4eH4uElMZO2cPVe0aFxXA==",
      "requires": {
        "@lezer/lr": "^0.15.0"
      }
    },
    "@lezer/json": {
      "version": "0.15.0",
      "resolved": "https://registry.npmjs.org/@lezer/json/-/json-0.15.0.tgz",
      "integrity": "sha512-OsMjjBkTkeQ15iMCu5U1OiBubRC4V9Wm03zdIlUgNZ20aUPx5DWDRqUc5wG41JXVSj7Lxmo+idlFCfBBdxB8sw==",
      "requires": {
        "@lezer/lr": "^0.15.0"
      }
    },
    "@lezer/lr": {
      "version": "0.15.4",
      "resolved": "https://registry.npmjs.org/@lezer/lr/-/lr-0.15.4.tgz",
      "integrity": "sha512-vwgG80sihEGJn6wJp6VijXrnzVai/KPva/OzYKaWvIx0IiXKjoMQ8UAwcgpSBwfS4Fbz3IKOX/cCNXU3r1FvpQ==",
      "requires": {
        "@lezer/common": "^0.15.0"
      }
    },
    "@lezer/markdown": {
      "version": "0.15.1",
      "resolved": "https://registry.npmjs.org/@lezer/markdown/-/markdown-0.15.1.tgz",
      "integrity": "sha512-CV8UQv5sfXj3eKjWVI23JUg2l7eBMV2B4tfbPoXGImzl6Yh0u2PEyTkcKaRw5fVNWZMGs6a4MOwxZ4vfvR5M0w==",
      "requires": {
        "@lezer/common": "^0.15.0"
      }
    },
    "@rollup/plugin-node-resolve": {
      "version": "11.2.0",
      "resolved": "https://registry.npmjs.org/@rollup/plugin-node-resolve/-/plugin-node-resolve-11.2.0.tgz",
      "integrity": "sha512-qHjNIKYt5pCcn+5RUBQxK8krhRvf1HnyVgUCcFFcweDS7fhkOLZeYh0mhHK6Ery8/bb9tvN/ubPzmfF0qjDCTA==",
      "requires": {
        "@rollup/pluginutils": "^3.1.0",
        "@types/resolve": "1.17.1",
        "builtin-modules": "^3.1.0",
        "deepmerge": "^4.2.2",
        "is-module": "^1.0.0",
        "resolve": "^1.19.0"
      }
    },
    "@rollup/pluginutils": {
      "version": "3.1.0",
      "resolved": "https://registry.npmjs.org/@rollup/pluginutils/-/pluginutils-3.1.0.tgz",
      "integrity": "sha512-GksZ6pr6TpIjHm8h9lSQ8pi8BE9VeubNT0OMJ3B5uZJ8pz73NPiqOtCog/x2/QzM1ENChPKxMDhiQuRHsqc+lg==",
      "requires": {
        "@types/estree": "0.0.39",
        "estree-walker": "^1.0.1",
        "picomatch": "^2.2.2"
      }
    },
    "@types/estree": {
      "version": "0.0.39",
      "resolved": "https://registry.npmjs.org/@types/estree/-/estree-0.0.39.tgz",
      "integrity": "sha512-EYNwp3bU+98cpU4lAWYYL7Zz+2gryWH1qbdDTidVd6hkiR6weksdbMadyXKXNPEkQFhXM+hVO9ZygomHXp+AIw=="
    },
    "@types/node": {
      "version": "14.14.31",
      "resolved": "https://registry.npmjs.org/@types/node/-/node-14.14.31.tgz",
      "integrity": "sha512-vFHy/ezP5qI0rFgJ7aQnjDXwAMrG0KqqIH7tQG5PPv3BWBayOPIQNBjVc/P6hhdZfMx51REc6tfDNXHUio893g=="
    },
    "@types/resolve": {
      "version": "1.17.1",
      "resolved": "https://registry.npmjs.org/@types/resolve/-/resolve-1.17.1.tgz",
      "integrity": "sha512-yy7HuzQhj0dhGpD8RLXSZWEkLsV9ibvxvi6EiJ3bkqLAO1RGo0WbkWQiwpRlSFymTJRz0d3k5LM3kkx8ArDbLw==",
      "requires": {
        "@types/node": "*"
      }
    },
    "builtin-modules": {
      "version": "3.2.0",
      "resolved": "https://registry.npmjs.org/builtin-modules/-/builtin-modules-3.2.0.tgz",
      "integrity": "sha512-lGzLKcioL90C7wMczpkY0n/oART3MbBa8R9OFGE1rJxoVI86u4WAGfEk8Wjv10eKSyTHVGkSo3bvBylCEtk7LA=="
    },
    "crelt": {
      "version": "1.0.5",
      "resolved": "https://registry.npmjs.org/crelt/-/crelt-1.0.5.tgz",
      "integrity": "sha512-+BO9wPPi+DWTDcNYhr/W90myha8ptzftZT+LwcmUbbok0rcP/fequmFYCw8NMoH7pkAZQzU78b3kYrlua5a9eA=="
    },
    "deepmerge": {
      "version": "4.2.2",
      "resolved": "https://registry.npmjs.org/deepmerge/-/deepmerge-4.2.2.tgz",
      "integrity": "sha512-FJ3UgI4gIl+PHZm53knsuSFpE+nESMr7M4v9QcgB7S63Kj/6WqMiFQJpBBYz1Pt+66bZpP3Q7Lye0Oo9MPKEdg=="
    },
    "estree-walker": {
      "version": "1.0.1",
      "resolved": "https://registry.npmjs.org/estree-walker/-/estree-walker-1.0.1.tgz",
      "integrity": "sha512-1fMXF3YP4pZZVozF8j/ZLfvnR8NSIljt56UhbZ5PeeDmmGHpgpdwQt7ITlGvYaQukCvuBRMLEiKiYC+oeIg4cg=="
    },
    "fsevents": {
      "version": "2.3.2",
      "resolved": "https://registry.npmjs.org/fsevents/-/fsevents-2.3.2.tgz",
      "integrity": "sha512-xiqMQR4xAeHTuB9uWm+fFRcIOgKBMiOBP+eXiyT7jsgVCq1bkVygt00oASowB7EdtpOHaaPgKt812P9ab+DDKA==",
      "optional": true
    },
    "function-bind": {
      "version": "1.1.1",
      "resolved": "https://registry.npmjs.org/function-bind/-/function-bind-1.1.1.tgz",
      "integrity": "sha512-yIovAzMX49sF8Yl58fSCWJ5svSLuaibPxXQJFLmBObTuCr0Mf1KiPopGM9NiFjiYBCbfaa2Fh6breQ6ANVTI0A=="
    },
    "has": {
      "version": "1.0.3",
      "resolved": "https://registry.npmjs.org/has/-/has-1.0.3.tgz",
      "integrity": "sha512-f2dvO0VU6Oej7RkWJGrehjbzMAjFp5/VKPp5tTpWIV4JHHZK1/BxbFRtf/siA2SWTe09caDmVtYYzWEIbBS4zw==",
      "requires": {
        "function-bind": "^1.1.1"
      }
    },
    "is-core-module": {
      "version": "2.2.0",
      "resolved": "https://registry.npmjs.org/is-core-module/-/is-core-module-2.2.0.tgz",
      "integrity": "sha512-XRAfAdyyY5F5cOXn7hYQDqh2Xmii+DEfIcQGxK/uNwMHhIkPWO0g8msXcbzLe+MpGoR951MlqM/2iIlU4vKDdQ==",
      "requires": {
        "has": "^1.0.3"
      }
    },
    "is-module": {
      "version": "1.0.0",
      "resolved": "https://registry.npmjs.org/is-module/-/is-module-1.0.0.tgz",
      "integrity": "sha1-Mlj7afeMFNW4FdZkM2tM/7ZEFZE="
    },
    "path-parse": {
      "version": "1.0.6",
      "resolved": "https://registry.npmjs.org/path-parse/-/path-parse-1.0.6.tgz",
      "integrity": "sha512-GSmOT2EbHrINBf9SR7CDELwlJ8AENk3Qn7OikK4nFYAu3Ote2+JYNVvkpAEQm3/TLNEJFD/xZJjzyxg3KBWOzw=="
    },
    "picomatch": {
      "version": "2.2.2",
      "resolved": "https://registry.npmjs.org/picomatch/-/picomatch-2.2.2.tgz",
      "integrity": "sha512-q0M/9eZHzmr0AulXyPwNfZjtwZ/RBZlbN3K3CErVrk50T2ASYI7Bye0EvekFY3IP1Nt2DHu0re+V2ZHIpMkuWg=="
    },
    "resolve": {
      "version": "1.20.0",
      "resolved": "https://registry.npmjs.org/resolve/-/resolve-1.20.0.tgz",
      "integrity": "sha512-wENBPt4ySzg4ybFQW2TT1zMQucPK95HSh/nq2CFTZVOGut2+pQvSsgtda4d26YrYcr067wjbmzOG8byDPBX63A==",
      "requires": {
        "is-core-module": "^2.2.0",
        "path-parse": "^1.0.6"
      }
    },
    "rollup": {
      "version": "2.40.0",
      "resolved": "https://registry.npmjs.org/rollup/-/rollup-2.40.0.tgz",
      "integrity": "sha512-WiOGAPbXoHu+TOz6hyYUxIksOwsY/21TRWoO593jgYt8mvYafYqQl+axaA8y1z2HFazNUUrsMSjahV2A6/2R9A==",
      "requires": {
        "fsevents": "~2.3.1"
      }
    },
    "style-mod": {
      "version": "4.0.0",
      "resolved": "https://registry.npmjs.org/style-mod/-/style-mod-4.0.0.tgz",
      "integrity": "sha512-OPhtyEjyyN9x3nhPsu76f52yUGXiZcgvsrFVtvTkyGRQJ0XK+GPc6ov1z+lRpbeabka+MYEQxOYRnt5nF30aMw=="
    },
    "w3c-keyname": {
      "version": "2.2.4",
      "resolved": "https://registry.npmjs.org/w3c-keyname/-/w3c-keyname-2.2.4.tgz",
      "integrity": "sha512-tOhfEwEzFLJzf6d1ZPkYfGj+FWhIpBux9ppoP3rlclw3Z0BZv3N7b7030Z1kYth+6rDuAsXUFr+d0VE6Ed1ikw=="
    }
  }
}
